// !$*UTF8*$!
{
	archiveVersion = 1;
	classes = {
	};
	objectVersion = 56;
	objects = {

/* Begin PBXBuildFile section */
		2EAA493E2BDAA0DC00CF1190 /* Crypto_TrackerApp.swift in Sources */ = {isa = PBXBuildFile; fileRef = 2EAA493D2BDAA0DC00CF1190 /* Crypto_TrackerApp.swift */; };
		2EAA49402BDAA0DC00CF1190 /* ContentView.swift in Sources */ = {isa = PBXBuildFile; fileRef = 2EAA493F2BDAA0DC00CF1190 /* ContentView.swift */; };
		2EAA49422BDAA0DD00CF1190 /* Assets.xcassets in Resources */ = {isa = PBXBuildFile; fileRef = 2EAA49412BDAA0DD00CF1190 /* Assets.xcassets */; };
		2EAA49452BDAA0DD00CF1190 /* Preview Assets.xcassets in Resources */ = {isa = PBXBuildFile; fileRef = 2EAA49442BDAA0DD00CF1190 /* Preview Assets.xcassets */; };
		2EAA49562BDAA25300CF1190 /* HomeView.swift in Sources */ = {isa = PBXBuildFile; fileRef = 2EAA49552BDAA25300CF1190 /* HomeView.swift */; };
		2EAA49582BDAA50500CF1190 /* TopMoversView.swift in Sources */ = {isa = PBXBuildFile; fileRef = 2EAA49572BDAA50500CF1190 /* TopMoversView.swift */; };
		2EAA495A2BDAA52B00CF1190 /* TopMoversItemView.swift in Sources */ = {isa = PBXBuildFile; fileRef = 2EAA49592BDAA52B00CF1190 /* TopMoversItemView.swift */; };
		2EAA495C2BDC1DEC00CF1190 /* AllCoinsView.swift in Sources */ = {isa = PBXBuildFile; fileRef = 2EAA495B2BDC1DEC00CF1190 /* AllCoinsView.swift */; };
		2EAA495E2BDC1E0F00CF1190 /* CoinRowView.swift in Sources */ = {isa = PBXBuildFile; fileRef = 2EAA495D2BDC1E0F00CF1190 /* CoinRowView.swift */; };
/* End PBXBuildFile section */

/* Begin PBXFileReference section */
		2EAA493A2BDAA0DC00CF1190 /* Crypto_Tracker.app */ = {isa = PBXFileReference; explicitFileType = wrapper.application; includeInIndex = 0; path = Crypto_Tracker.app; sourceTree = BUILT_PRODUCTS_DIR; };
		2EAA493D2BDAA0DC00CF1190 /* Crypto_TrackerApp.swift */ = {isa = PBXFileReference; lastKnownFileType = sourcecode.swift; path = Crypto_TrackerApp.swift; sourceTree = "<group>"; };
		2EAA493F2BDAA0DC00CF1190 /* ContentView.swift */ = {isa = PBXFileReference; lastKnownFileType = sourcecode.swift; path = ContentView.swift; sourceTree = "<group>"; };
		2EAA49412BDAA0DD00CF1190 /* Assets.xcassets */ = {isa = PBXFileReference; lastKnownFileType = folder.assetcatalog; path = Assets.xcassets; sourceTree = "<group>"; };
		2EAA49442BDAA0DD00CF1190 /* Preview Assets.xcassets */ = {isa = PBXFileReference; lastKnownFileType = folder.assetcatalog; path = "Preview Assets.xcassets"; sourceTree = "<group>"; };
		2EAA49552BDAA25300CF1190 /* HomeView.swift */ = {isa = PBXFileReference; lastKnownFileType = sourcecode.swift; path = HomeView.swift; sourceTree = "<group>"; };
		2EAA49572BDAA50500CF1190 /* TopMoversView.swift */ = {isa = PBXFileReference; lastKnownFileType = sourcecode.swift; path = TopMoversView.swift; sourceTree = "<group>"; };
		2EAA49592BDAA52B00CF1190 /* TopMoversItemView.swift */ = {isa = PBXFileReference; lastKnownFileType = sourcecode.swift; path = TopMoversItemView.swift; sourceTree = "<group>"; };
		2EAA495B2BDC1DEC00CF1190 /* AllCoinsView.swift */ = {isa = PBXFileReference; lastKnownFileType = sourcecode.swift; path = AllCoinsView.swift; sourceTree = "<group>"; };
		2EAA495D2BDC1E0F00CF1190 /* CoinRowView.swift */ = {isa = PBXFileReference; lastKnownFileType = sourcecode.swift; path = CoinRowView.swift; sourceTree = "<group>"; };
/* End PBXFileReference section */

/* Begin PBXFrameworksBuildPhase section */
		2EAA49372BDAA0DC00CF1190 /* Frameworks */ = {
			isa = PBXFrameworksBuildPhase;
			buildActionMask = 2147483647;
			files = (
			);
			runOnlyForDeploymentPostprocessing = 0;
		};
/* End PBXFrameworksBuildPhase section */

/* Begin PBXGroup section */
		2EAA49312BDAA0DC00CF1190 = {
			isa = PBXGroup;
			children = (
				2EAA493C2BDAA0DC00CF1190 /* Crypto_Tracker */,
				2EAA493B2BDAA0DC00CF1190 /* Products */,
			);
			sourceTree = "<group>";
		};
		2EAA493B2BDAA0DC00CF1190 /* Products */ = {
			isa = PBXGroup;
			children = (
				2EAA493A2BDAA0DC00CF1190 /* Crypto_Tracker.app */,
			);
			name = Products;
			sourceTree = "<group>";
		};
		2EAA493C2BDAA0DC00CF1190 /* Crypto_Tracker */ = {
			isa = PBXGroup;
			children = (
				2EAA49502BDAA13700CF1190 /* Utils */,
				2EAA494F2BDAA13200CF1190 /* Extensions */,
				2EAA494E2BDAA12F00CF1190 /* Models */,
				2EAA494D2BDAA12D00CF1190 /* Core */,
				2EAA494B2BDAA11E00CF1190 /* App */,
				2EAA493F2BDAA0DC00CF1190 /* ContentView.swift */,
				2EAA49412BDAA0DD00CF1190 /* Assets.xcassets */,
				2EAA49432BDAA0DD00CF1190 /* Preview Content */,
			);
			path = Crypto_Tracker;
			sourceTree = "<group>";
		};
		2EAA49432BDAA0DD00CF1190 /* Preview Content */ = {
			isa = PBXGroup;
			children = (
				2EAA49442BDAA0DD00CF1190 /* Preview Assets.xcassets */,
			);
			path = "Preview Content";
			sourceTree = "<group>";
		};
		2EAA494B2BDAA11E00CF1190 /* App */ = {
			isa = PBXGroup;
			children = (
				2EAA493D2BDAA0DC00CF1190 /* Crypto_TrackerApp.swift */,
			);
			path = App;
			sourceTree = "<group>";
		};
		2EAA494D2BDAA12D00CF1190 /* Core */ = {
			isa = PBXGroup;
			children = (
				2EAA49522BDAA1B500CF1190 /* Home */,
			);
			path = Core;
			sourceTree = "<group>";
		};
		2EAA494E2BDAA12F00CF1190 /* Models */ = {
			isa = PBXGroup;
			children = (
			);
			path = Models;
			sourceTree = "<group>";
		};
		2EAA494F2BDAA13200CF1190 /* Extensions */ = {
			isa = PBXGroup;
			children = (
			);
			path = Extensions;
			sourceTree = "<group>";
		};
		2EAA49502BDAA13700CF1190 /* Utils */ = {
			isa = PBXGroup;
			children = (
			);
			path = Utils;
			sourceTree = "<group>";
		};
		2EAA49522BDAA1B500CF1190 /* Home */ = {
			isa = PBXGroup;
			children = (
				2EAA49542BDAA21100CF1190 /* Views */,
				2EAA49532BDAA20F00CF1190 /* ViewModels */,
			);
			path = Home;
			sourceTree = "<group>";
		};
		2EAA49532BDAA20F00CF1190 /* ViewModels */ = {
			isa = PBXGroup;
			children = (
			);
			path = ViewModels;
			sourceTree = "<group>";
		};
		2EAA49542BDAA21100CF1190 /* Views */ = {
			isa = PBXGroup;
			children = (
				2EAA49552BDAA25300CF1190 /* HomeView.swift */,
				2EAA49572BDAA50500CF1190 /* TopMoversView.swift */,
				2EAA49592BDAA52B00CF1190 /* TopMoversItemView.swift */,
				2EAA495B2BDC1DEC00CF1190 /* AllCoinsView.swift */,
				2EAA495D2BDC1E0F00CF1190 /* CoinRowView.swift */,
			);
			path = Views;
			sourceTree = "<group>";
		};
/* End PBXGroup section */

/* Begin PBXNativeTarget section */
		2EAA49392BDAA0DC00CF1190 /* Crypto_Tracker */ = {
			isa = PBXNativeTarget;
			buildConfigurationList = 2EAA49482BDAA0DD00CF1190 /* Build configuration list for PBXNativeTarget "Crypto_Tracker" */;
			buildPhases = (
				2EAA49362BDAA0DC00CF1190 /* Sources */,
				2EAA49372BDAA0DC00CF1190 /* Frameworks */,
				2EAA49382BDAA0DC00CF1190 /* Resources */,
			);
			buildRules = (
			);
			dependencies = (
			);
			name = Crypto_Tracker;
			productName = Crypto_Tracker;
			productReference = 2EAA493A2BDAA0DC00CF1190 /* Crypto_Tracker.app */;
			productType = "com.apple.product-type.application";
		};
/* End PBXNativeTarget section */

/* Begin PBXProject section */
		2EAA49322BDAA0DC00CF1190 /* Project object */ = {
			isa = PBXProject;
			attributes = {
				BuildIndependentTargetsInParallel = 1;
				LastSwiftUpdateCheck = 1530;
				LastUpgradeCheck = 1530;
				TargetAttributes = {
					2EAA49392BDAA0DC00CF1190 = {
						CreatedOnToolsVersion = 15.3;
					};
				};
			};
			buildConfigurationList = 2EAA49352BDAA0DC00CF1190 /* Build configuration list for PBXProject "Crypto_Tracker" */;
			compatibilityVersion = "Xcode 14.0";
			developmentRegion = en;
			hasScannedForEncodings = 0;
			knownRegions = (
				en,
				Base,
			);
			mainGroup = 2EAA49312BDAA0DC00CF1190;
			productRefGroup = 2EAA493B2BDAA0DC00CF1190 /* Products */;
			projectDirPath = "";
			projectRoot = "";
			targets = (
				2EAA49392BDAA0DC00CF1190 /* Crypto_Tracker */,
			);
		};
/* End PBXProject section */

/* Begin PBXResourcesBuildPhase section */
		2EAA49382BDAA0DC00CF1190 /* Resources */ = {
			isa = PBXResourcesBuildPhase;
			buildActionMask = 2147483647;
			files = (
				2EAA49452BDAA0DD00CF1190 /* Preview Assets.xcassets in Resources */,
				2EAA49422BDAA0DD00CF1190 /* Assets.xcassets in Resources */,
			);
			runOnlyForDeploymentPostprocessing = 0;
		};
/* End PBXResourcesBuildPhase section */

/* Begin PBXSourcesBuildPhase section */
		2EAA49362BDAA0DC00CF1190 /* Sources */ = {
			isa = PBXSourcesBuildPhase;
			buildActionMask = 2147483647;
			files = (
				2EAA49582BDAA50500CF1190 /* TopMoversView.swift in Sources */,
				2EAA495C2BDC1DEC00CF1190 /* AllCoinsView.swift in Sources */,
				2EAA49562BDAA25300CF1190 /* HomeView.swift in Sources */,
				2EAA49402BDAA0DC00CF1190 /* ContentView.swift in Sources */,
				2EAA493E2BDAA0DC00CF1190 /* Crypto_TrackerApp.swift in Sources */,
				2EAA495E2BDC1E0F00CF1190 /* CoinRowView.swift in Sources */,
				2EAA495A2BDAA52B00CF1190 /* TopMoversItemView.swift in Sources */,
			);
			runOnlyForDeploymentPostprocessing = 0;
		};
/* End PBXSourcesBuildPhase section */

/* Begin XCBuildConfiguration section */
		2EAA49462BDAA0DD00CF1190 /* Debug */ = {
			isa = XCBuildConfiguration;
			buildSettings = {
				ALWAYS_SEARCH_USER_PATHS = NO;
				ASSETCATALOG_COMPILER_GENERATE_SWIFT_ASSET_SYMBOL_EXTENSIONS = YES;
				CLANG_ANALYZER_NONNULL = YES;
				CLANG_ANALYZER_NUMBER_OBJECT_CONVERSION = YES_AGGRESSIVE;
				CLANG_CXX_LANGUAGE_STANDARD = "gnu++20";
				CLANG_ENABLE_MODULES = YES;
				CLANG_ENABLE_OBJC_ARC = YES;
				CLANG_ENABLE_OBJC_WEAK = YES;
				CLANG_WARN_BLOCK_CAPTURE_AUTORELEASING = YES;
				CLANG_WARN_BOOL_CONVERSION = YES;
				CLANG_WARN_COMMA = YES;
				CLANG_WARN_CONSTANT_CONVERSION = YES;
				CLANG_WARN_DEPRECATED_OBJC_IMPLEMENTATIONS = YES;
				CLANG_WARN_DIRECT_OBJC_ISA_USAGE = YES_ERROR;
				CLANG_WARN_DOCUMENTATION_COMMENTS = YES;
				CLANG_WARN_EMPTY_BODY = YES;
				CLANG_WARN_ENUM_CONVERSION = YES;
				CLANG_WARN_INFINITE_RECURSION = YES;
				CLANG_WARN_INT_CONVERSION = YES;
				CLANG_WARN_NON_LITERAL_NULL_CONVERSION = YES;
				CLANG_WARN_OBJC_IMPLICIT_RETAIN_SELF = YES;
				CLANG_WARN_OBJC_LITERAL_CONVERSION = YES;
				CLANG_WARN_OBJC_ROOT_CLASS = YES_ERROR;
				CLANG_WARN_QUOTED_INCLUDE_IN_FRAMEWORK_HEADER = YES;
				CLANG_WARN_RANGE_LOOP_ANALYSIS = YES;
				CLANG_WARN_STRICT_PROTOTYPES = YES;
				CLANG_WARN_SUSPICIOUS_MOVE = YES;
				CLANG_WARN_UNGUARDED_AVAILABILITY = YES_AGGRESSIVE;
				CLANG_WARN_UNREACHABLE_CODE = YES;
				CLANG_WARN__DUPLICATE_METHOD_MATCH = YES;
				COPY_PHASE_STRIP = NO;
				DEBUG_INFORMATION_FORMAT = dwarf;
				ENABLE_STRICT_OBJC_MSGSEND = YES;
				ENABLE_TESTABILITY = YES;
				ENABLE_USER_SCRIPT_SANDBOXING = YES;
				GCC_C_LANGUAGE_STANDARD = gnu17;
				GCC_DYNAMIC_NO_PIC = NO;
				GCC_NO_COMMON_BLOCKS = YES;
				GCC_OPTIMIZATION_LEVEL = 0;
				GCC_PREPROCESSOR_DEFINITIONS = (
					"DEBUG=1",
					"$(inherited)",
				);
				GCC_WARN_64_TO_32_BIT_CONVERSION = YES;
				GCC_WARN_ABOUT_RETURN_TYPE = YES_ERROR;
				GCC_WARN_UNDECLARED_SELECTOR = YES;
				GCC_WARN_UNINITIALIZED_AUTOS = YES_AGGRESSIVE;
				GCC_WARN_UNUSED_FUNCTION = YES;
				GCC_WARN_UNUSED_VARIABLE = YES;
				IPHONEOS_DEPLOYMENT_TARGET = 17.4;
				LOCALIZATION_PREFERS_STRING_CATALOGS = YES;
				MTL_ENABLE_DEBUG_INFO = INCLUDE_SOURCE;
				MTL_FAST_MATH = YES;
				ONLY_ACTIVE_ARCH = YES;
				SDKROOT = iphoneos;
				SWIFT_ACTIVE_COMPILATION_CONDITIONS = "DEBUG $(inherited)";
				SWIFT_OPTIMIZATION_LEVEL = "-Onone";
			};
			name = Debug;
		};
		2EAA49472BDAA0DD00CF1190 /* Release */ = {
			isa = XCBuildConfiguration;
			buildSettings = {
				ALWAYS_SEARCH_USER_PATHS = NO;
				ASSETCATALOG_COMPILER_GENERATE_SWIFT_ASSET_SYMBOL_EXTENSIONS = YES;
				CLANG_ANALYZER_NONNULL = YES;
				CLANG_ANALYZER_NUMBER_OBJECT_CONVERSION = YES_AGGRESSIVE;
				CLANG_CXX_LANGUAGE_STANDARD = "gnu++20";
				CLANG_ENABLE_MODULES = YES;
				CLANG_ENABLE_OBJC_ARC = YES;
				CLANG_ENABLE_OBJC_WEAK = YES;
				CLANG_WARN_BLOCK_CAPTURE_AUTORELEASING = YES;
				CLANG_WARN_BOOL_CONVERSION = YES;
				CLANG_WARN_COMMA = YES;
				CLANG_WARN_CONSTANT_CONVERSION = YES;
				CLANG_WARN_DEPRECATED_OBJC_IMPLEMENTATIONS = YES;
				CLANG_WARN_DIRECT_OBJC_ISA_USAGE = YES_ERROR;
				CLANG_WARN_DOCUMENTATION_COMMENTS = YES;
				CLANG_WARN_EMPTY_BODY = YES;
				CLANG_WARN_ENUM_CONVERSION = YES;
				CLANG_WARN_INFINITE_RECURSION = YES;
				CLANG_WARN_INT_CONVERSION = YES;
				CLANG_WARN_NON_LITERAL_NULL_CONVERSION = YES;
				CLANG_WARN_OBJC_IMPLICIT_RETAIN_SELF = YES;
				CLANG_WARN_OBJC_LITERAL_CONVERSION = YES;
				CLANG_WARN_OBJC_ROOT_CLASS = YES_ERROR;
				CLANG_WARN_QUOTED_INCLUDE_IN_FRAMEWORK_HEADER = YES;
				CLANG_WARN_RANGE_LOOP_ANALYSIS = YES;
				CLANG_WARN_STRICT_PROTOTYPES = YES;
				CLANG_WARN_SUSPICIOUS_MOVE = YES;
				CLANG_WARN_UNGUARDED_AVAILABILITY = YES_AGGRESSIVE;
				CLANG_WARN_UNREACHABLE_CODE = YES;
				CLANG_WARN__DUPLICATE_METHOD_MATCH = YES;
				COPY_PHASE_STRIP = NO;
				DEBUG_INFORMATION_FORMAT = "dwarf-with-dsym";
				ENABLE_NS_ASSERTIONS = NO;
				ENABLE_STRICT_OBJC_MSGSEND = YES;
				ENABLE_USER_SCRIPT_SANDBOXING = YES;
				GCC_C_LANGUAGE_STANDARD = gnu17;
				GCC_NO_COMMON_BLOCKS = YES;
				GCC_WARN_64_TO_32_BIT_CONVERSION = YES;
				GCC_WARN_ABOUT_RETURN_TYPE = YES_ERROR;
				GCC_WARN_UNDECLARED_SELECTOR = YES;
				GCC_WARN_UNINITIALIZED_AUTOS = YES_AGGRESSIVE;
				GCC_WARN_UNUSED_FUNCTION = YES;
				GCC_WARN_UNUSED_VARIABLE = YES;
				IPHONEOS_DEPLOYMENT_TARGET = 17.4;
				LOCALIZATION_PREFERS_STRING_CATALOGS = YES;
				MTL_ENABLE_DEBUG_INFO = NO;
				MTL_FAST_MATH = YES;
				SDKROOT = iphoneos;
				SWIFT_COMPILATION_MODE = wholemodule;
				VALIDATE_PRODUCT = YES;
			};
			name = Release;
		};
		2EAA49492BDAA0DD00CF1190 /* Debug */ = {
			isa = XCBuildConfiguration;
			buildSettings = {
				ASSETCATALOG_COMPILER_APPICON_NAME = AppIcon;
				ASSETCATALOG_COMPILER_GLOBAL_ACCENT_COLOR_NAME = AccentColor;
				CODE_SIGN_STYLE = Automatic;
				CURRENT_PROJECT_VERSION = 1;
				DEVELOPMENT_ASSET_PATHS = "\"Crypto_Tracker/Preview Content\"";
				DEVELOPMENT_TEAM = V668KYT3Q5;
				ENABLE_PREVIEWS = YES;
				GENERATE_INFOPLIST_FILE = YES;
				INFOPLIST_KEY_UIApplicationSceneManifest_Generation = YES;
				INFOPLIST_KEY_UIApplicationSupportsIndirectInputEvents = YES;
				INFOPLIST_KEY_UILaunchScreen_Generation = YES;
				INFOPLIST_KEY_UISupportedInterfaceOrientations_iPad = "UIInterfaceOrientationPortrait UIInterfaceOrientationPortraitUpsideDown UIInterfaceOrientationLandscapeLeft UIInterfaceOrientationLandscapeRight";
				INFOPLIST_KEY_UISupportedInterfaceOrientations_iPhone = "UIInterfaceOrientationPortrait UIInterfaceOrientationLandscapeLeft UIInterfaceOrientationLandscapeRight";
				LD_RUNPATH_SEARCH_PATHS = (
					"$(inherited)",
					"@executable_path/Frameworks",
				);
				MARKETING_VERSION = 1.0;
				PRODUCT_BUNDLE_IDENTIFIER = "com.kostas.Crypto-Tracker";
				PRODUCT_NAME = "$(TARGET_NAME)";
				SWIFT_EMIT_LOC_STRINGS = YES;
				SWIFT_VERSION = 5.0;
				TARGETED_DEVICE_FAMILY = "1,2";
			};
			name = Debug;
		};
		2EAA494A2BDAA0DD00CF1190 /* Release */ = {
			isa = XCBuildConfiguration;
			buildSettings = {
				ASSETCATALOG_COMPILER_APPICON_NAME = AppIcon;
				ASSETCATALOG_COMPILER_GLOBAL_ACCENT_COLOR_NAME = AccentColor;
				CODE_SIGN_STYLE = Automatic;
				CURRENT_PROJECT_VERSION = 1;
				DEVELOPMENT_ASSET_PATHS = "\"Crypto_Tracker/Preview Content\"";
				DEVELOPMENT_TEAM = V668KYT3Q5;
				ENABLE_PREVIEWS = YES;
				GENERATE_INFOPLIST_FILE = YES;
				INFOPLIST_KEY_UIApplicationSceneManifest_Generation = YES;
				INFOPLIST_KEY_UIApplicationSupportsIndirectInputEvents = YES;
				INFOPLIST_KEY_UILaunchScreen_Generation = YES;
				INFOPLIST_KEY_UISupportedInterfaceOrientations_iPad = "UIInterfaceOrientationPortrait UIInterfaceOrientationPortraitUpsideDown UIInterfaceOrientationLandscapeLeft UIInterfaceOrientationLandscapeRight";
				INFOPLIST_KEY_UISupportedInterfaceOrientations_iPhone = "UIInterfaceOrientationPortrait UIInterfaceOrientationLandscapeLeft UIInterfaceOrientationLandscapeRight";
				LD_RUNPATH_SEARCH_PATHS = (
					"$(inherited)",
					"@executable_path/Frameworks",
				);
				MARKETING_VERSION = 1.0;
				PRODUCT_BUNDLE_IDENTIFIER = "com.kostas.Crypto-Tracker";
				PRODUCT_NAME = "$(TARGET_NAME)";
				SWIFT_EMIT_LOC_STRINGS = YES;
				SWIFT_VERSION = 5.0;
				TARGETED_DEVICE_FAMILY = "1,2";
			};
			name = Release;
		};
/* End XCBuildConfiguration section */

/* Begin XCConfigurationList section */
		2EAA49352BDAA0DC00CF1190 /* Build configuration list for PBXProject "Crypto_Tracker" */ = {
			isa = XCConfigurationList;
			buildConfigurations = (
				2EAA49462BDAA0DD00CF1190 /* Debug */,
				2EAA49472BDAA0DD00CF1190 /* Release */,
			);
			defaultConfigurationIsVisible = 0;
			defaultConfigurationName = Release;
		};
		2EAA49482BDAA0DD00CF1190 /* Build configuration list for PBXNativeTarget "Crypto_Tracker" */ = {
			isa = XCConfigurationList;
			buildConfigurations = (
				2EAA49492BDAA0DD00CF1190 /* Debug */,
				2EAA494A2BDAA0DD00CF1190 /* Release */,
			);
			defaultConfigurationIsVisible = 0;
			defaultConfigurationName = Release;
		};
/* End XCConfigurationList section */
	};
	rootObject = 2EAA49322BDAA0DC00CF1190 /* Project object */;
}
